{"format_version":"1.0","provider_schemas":{"registry.opentofu.org/tailscale/tailscale":{"provider":{"version":0,"block":{"attributes":{"api_key":{"type":"string","description":"The API key to use for authenticating requests to the API. Can be set via the TAILSCALE_API_KEY environment variable. Conflicts with 'oauth_client_id' and 'oauth_client_secret'.","description_kind":"plain","optional":true,"sensitive":true},"base_url":{"type":"string","description":"The base URL of the Tailscale API. Defaults to https://api.tailscale.com. Can be set via the TAILSCALE_BASE_URL environment variable.","description_kind":"plain","optional":true},"oauth_client_id":{"type":"string","description":"The OAuth application's ID when using OAuth client credentials. Can be set via the TAILSCALE_OAUTH_CLIENT_ID environment variable. Both 'oauth_client_id' and 'oauth_client_secret' must be set. Conflicts with 'api_key'.","description_kind":"plain","optional":true},"oauth_client_secret":{"type":"string","description":"The OAuth application's secret when using OAuth client credentials. Can be set via the TAILSCALE_OAUTH_CLIENT_SECRET environment variable. Both 'oauth_client_id' and 'oauth_client_secret' must be set. Conflicts with 'api_key'.","description_kind":"plain","optional":true,"sensitive":true},"scopes":{"type":["list","string"],"description":"The OAuth 2.0 scopes to request when for the access token generated using the supplied OAuth client credentials. See https://tailscale.com/kb/1215/oauth-clients/#scopes for available scopes. Only valid when both 'oauth_client_id' and 'oauth_client_secret' are set.","description_kind":"plain","optional":true},"tailnet":{"type":"string","description":"The organization name of the Tailnet in which to perform actions. Can be set via the TAILSCALE_TAILNET environment variable. Default is the tailnet that owns API credentials passed to the provider.","description_kind":"plain","optional":true},"user_agent":{"type":"string","description":"User-Agent header for API requests.","description_kind":"plain","optional":true}},"description_kind":"plain"}},"resource_schemas":{"tailscale_acl":{"version":0,"block":{"attributes":{"acl":{"type":"string","description":"The policy that defines which devices and users are allowed to connect in your network. Can be either a JSON or a HuJSON string.","description_kind":"plain","required":true},"id":{"type":"string","description_kind":"plain","optional":true,"computed":true},"overwrite_existing_content":{"type":"bool","description":"If true, will skip requirement to import acl before allowing changes. Be careful, can cause ACL to be overwritten","description_kind":"plain","optional":true},"reset_acl_on_destroy":{"type":"bool","description":"If true, will reset the ACL for the Tailnet to the default when this resource is destroyed","description_kind":"plain","optional":true}},"description":"The acl resource allows you to configure a Tailscale ACL. See https://tailscale.com/kb/1018/acls for more information. Note that this resource will completely overwrite existing ACL contents for a given tailnet.\n\nIf tests are defined in the ACL (the top-level \"tests\" section), ACL validation will occur before creation and update operations are applied.","description_kind":"plain"}},"tailscale_aws_external_id":{"version":0,"block":{"attributes":{"external_id":{"type":"string","description":"The External ID that Tailscale will supply when assuming your role. You must reference this in your IAM role's trust policy. See https://docs.aws.amazon.com/IAM/latest/UserGuide/id_roles_common-scenarios_third-party.html for more information on external IDs.","description_kind":"plain","computed":true},"id":{"type":"string","description_kind":"plain","optional":true,"computed":true},"tailscale_aws_account_id":{"type":"string","description":"The AWS account from which Tailscale will assume your role. You must reference this in your IAM role's trust policy. See https://docs.aws.amazon.com/IAM/latest/UserGuide/id_roles_common-scenarios_third-party.html for more information on external IDs.","description_kind":"plain","computed":true}},"description":"The aws_external_id resource allows you to mint an AWS External ID that Tailscale can use to assume an AWS IAM role that you create for the purposes of allowing Tailscale to stream logs to your S3 bucket. See the logstream_configuration resource for more details.","description_kind":"plain"}},"tailscale_contacts":{"version":0,"block":{"attributes":{"id":{"type":"string","description_kind":"plain","optional":true,"computed":true}},"block_types":{"account":{"nesting_mode":"set","block":{"attributes":{"email":{"type":"string","description":"Email address to send communications to","description_kind":"plain","required":true}},"description":"Configuration for communications about important changes to your tailnet","description_kind":"plain"},"min_items":1,"max_items":1},"security":{"nesting_mode":"set","block":{"attributes":{"email":{"type":"string","description":"Email address to send communications to","description_kind":"plain","required":true}},"description":"Configuration for communications about security issues affecting your tailnet","description_kind":"plain"},"min_items":1,"max_items":1},"support":{"nesting_mode":"set","block":{"attributes":{"email":{"type":"string","description":"Email address to send communications to","description_kind":"plain","required":true}},"description":"Configuration for communications about misconfigurations in your tailnet","description_kind":"plain"},"min_items":1,"max_items":1}},"description":"The contacts resource allows you to configure contact details for your Tailscale network. See https://tailscale.com/kb/1224/contact-preferences for more information.\n\nDestroying this resource does not unset or modify values in the tailscale control plane, and simply removes the resource from Terraform state.\n","description_kind":"plain"}},"tailscale_device_authorization":{"version":0,"block":{"attributes":{"authorized":{"type":"bool","description":"Whether or not the device is authorized","description_kind":"plain","required":true},"device_id":{"type":"string","description":"The device to set as authorized","description_kind":"plain","required":true},"id":{"type":"string","description_kind":"plain","optional":true,"computed":true}},"description":"The device_authorization resource is used to approve new devices before they can join the tailnet. See https://tailscale.com/kb/1099/device-authorization/ for more details.","description_kind":"plain"}},"tailscale_device_key":{"version":0,"block":{"attributes":{"device_id":{"type":"string","description":"The device to update the key properties of","description_kind":"plain","required":true},"id":{"type":"string","description_kind":"plain","optional":true,"computed":true},"key_expiry_disabled":{"type":"bool","description":"Determines whether or not the device's key will expire. Defaults to `false`.","description_kind":"plain","optional":true}},"description":"The device_key resource allows you to update the properties of a device's key","description_kind":"plain"}},"tailscale_device_subnet_routes":{"version":0,"block":{"attributes":{"device_id":{"type":"string","description":"The device to set subnet routes for","description_kind":"plain","required":true},"id":{"type":"string","description_kind":"plain","optional":true,"computed":true},"routes":{"type":["set","string"],"description":"The subnet routes that are enabled to be routed by a device","description_kind":"plain","required":true}},"description":"The device_subnet_routes resource allows you to configure enabled subnet routes for your Tailscale devices. See https://tailscale.com/kb/1019/subnets for more information.\n\nRoutes must be both advertised and enabled for a device to act as a subnet router or exit node. Routes must be advertised directly from the device: advertised routes cannot be managed through Terraform. If a device is advertising routes, they are not exposed to traffic until they are enabled. Conversely, if routes are enabled before they are advertised, they are not available for routing until the device in question is advertising them.\n\nNote: all routes enabled for the device through the admin console or autoApprovers in the ACL must be explicitly added to the routes attribute of this resource to avoid configuration drift.\n","description_kind":"plain"}},"tailscale_device_tags":{"version":0,"block":{"attributes":{"device_id":{"type":"string","description":"The device to set tags for","description_kind":"plain","required":true},"id":{"type":"string","description_kind":"plain","optional":true,"computed":true},"tags":{"type":["set","string"],"description":"The tags to apply to the device","description_kind":"plain","required":true}},"description":"The device_tags resource is used to apply tags to Tailscale devices. See https://tailscale.com/kb/1068/acl-tags/ for more details.","description_kind":"plain"}},"tailscale_dns_nameservers":{"version":0,"block":{"attributes":{"id":{"type":"string","description_kind":"plain","optional":true,"computed":true},"nameservers":{"type":["list","string"],"description":"Devices on your network will use these nameservers to resolve DNS names. IPv4 or IPv6 addresses are accepted.","description_kind":"plain","required":true}},"description":"The dns_nameservers resource allows you to configure DNS nameservers for your Tailscale network. See https://tailscale.com/kb/1054/dns for more information.","description_kind":"plain"}},"tailscale_dns_preferences":{"version":0,"block":{"attributes":{"id":{"type":"string","description_kind":"plain","optional":true,"computed":true},"magic_dns":{"type":"bool","description":"Whether or not to enable magic DNS","description_kind":"plain","required":true}},"description":"The dns_preferences resource allows you to configure DNS preferences for your Tailscale network. See https://tailscale.com/kb/1054/dns for more information.","description_kind":"plain"}},"tailscale_dns_search_paths":{"version":0,"block":{"attributes":{"id":{"type":"string","description_kind":"plain","optional":true,"computed":true},"search_paths":{"type":["list","string"],"description":"Devices on your network will use these domain suffixes to resolve DNS names.","description_kind":"plain","required":true}},"description":"The dns_nameservers resource allows you to configure DNS nameservers for your Tailscale network. See https://tailscale.com/kb/1054/dns for more information.","description_kind":"plain"}},"tailscale_dns_split_nameservers":{"version":0,"block":{"attributes":{"domain":{"type":"string","description":"Domain to configure split DNS for. Requests for this domain will be resolved using the provided nameservers. Changing this will force the resource to be recreated.","description_kind":"plain","required":true},"id":{"type":"string","description_kind":"plain","optional":true,"computed":true},"nameservers":{"type":["set","string"],"description":"Devices on your network will use these nameservers to resolve DNS names. IPv4 or IPv6 addresses are accepted.","description_kind":"plain","required":true}},"description":"The dns_split_nameservers resource allows you to configure split DNS nameservers for your Tailscale network. See https://tailscale.com/kb/1054/dns for more information.","description_kind":"plain"}},"tailscale_logstream_configuration":{"version":0,"block":{"attributes":{"compression_format":{"type":"string","description":"The compression algorithm with which to compress logs. One of `none`, `zstd` or `gzip`. Defaults to `none`.","description_kind":"plain","optional":true},"destination_type":{"type":"string","description":"The type of system to which logs are being streamed.","description_kind":"plain","required":true},"id":{"type":"string","description_kind":"plain","optional":true,"computed":true},"log_type":{"type":"string","description":"The type of log that is streamed to this endpoint. Either `configuration` for configuration audit logs, or `network` for network flow logs.","description_kind":"plain","required":true},"s3_access_key_id":{"type":"string","description":"The S3 access key ID. Required if destination_type is s3 and s3_authentication_type is 'accesskey'.","description_kind":"plain","optional":true},"s3_authentication_type":{"type":"string","description":"What type of authentication to use for S3. Required if destination_type is 's3'. Tailscale recommends using 'rolearn'.","description_kind":"plain","optional":true},"s3_bucket":{"type":"string","description":"The S3 bucket name. Required if destination_type is 's3'.","description_kind":"plain","optional":true},"s3_external_id":{"type":"string","description":"The AWS External ID that Tailscale supplies when authenticating using role-based authentication. Required if destination_type is 's3' and s3_authentication_type is 'rolearn'. This can be obtained via the tailscale_aws_external_id resource.","description_kind":"plain","optional":true},"s3_key_prefix":{"type":"string","description":"An optional S3 key prefix to prepend to the auto-generated S3 key name.","description_kind":"plain","optional":true},"s3_region":{"type":"string","description":"The region in which the S3 bucket is located. Required if destination_type is 's3'.","description_kind":"plain","optional":true},"s3_role_arn":{"type":"string","description":"ARN of the AWS IAM role that Tailscale should assume when using role-based authentication. Required if destination_type is 's3' and s3_authentication_type is 'rolearn'.","description_kind":"plain","optional":true},"s3_secret_access_key":{"type":"string","description":"The S3 secret access key. Required if destination_type is 's3' and s3_authentication_type is 'accesskey'.","description_kind":"plain","optional":true,"sensitive":true},"token":{"type":"string","description":"The token/password with which log streams to this endpoint should be authenticated, required unless destination_type is 's3'.","description_kind":"plain","optional":true,"sensitive":true},"upload_period_minutes":{"type":"number","description":"An optional number of minutes to wait in between uploading new logs. If the quantity of logs does not fit within a single upload, multiple uploads will be made.","description_kind":"plain","optional":true},"url":{"type":"string","description":"The URL to which log streams are being posted. If destination_type is 's3' and you want to use the official Amazon S3 endpoint, leave this empty.","description_kind":"plain","optional":true},"user":{"type":"string","description":"The username with which log streams to this endpoint are authenticated. Only required if destination_type is 'elastic', defaults to 'user' if not set.","description_kind":"plain","optional":true}},"description":"The logstream_configuration resource allows you to configure streaming configuration or network flow logs to a supported security information and event management (SIEM) system. See https://tailscale.com/kb/1255/log-streaming for more information.","description_kind":"plain"}},"tailscale_posture_integration":{"version":0,"block":{"attributes":{"client_id":{"type":"string","description":"Unique identifier for your client.","description_kind":"plain","optional":true},"client_secret":{"type":"string","description":"The secret (auth key, token, etc.) used to authenticate with the provider.","description_kind":"plain","required":true},"cloud_id":{"type":"string","description":"Identifies which of the provider's clouds to integrate with.","description_kind":"plain","optional":true},"id":{"type":"string","description_kind":"plain","optional":true,"computed":true},"posture_provider":{"type":"string","description":"The type of posture integration data provider.","description_kind":"plain","required":true},"tenant_id":{"type":"string","description":"The Microsoft Intune directory (tenant) ID. For other providers, this is left blank.","description_kind":"plain","optional":true}},"description":"The posture_integration resource allows you to manage integrations with device posture data providers. See https://tailscale.com/kb/1288/device-posture for more information.","description_kind":"plain"}},"tailscale_tailnet_key":{"version":0,"block":{"attributes":{"created_at":{"type":"string","description":"The creation timestamp of the key in RFC3339 format","description_kind":"plain","computed":true},"description":{"type":"string","description":"A description of the key consisting of alphanumeric characters. Defaults to `\"\"`.","description_kind":"plain","optional":true},"ephemeral":{"type":"bool","description":"Indicates if the key is ephemeral. Defaults to `false`.","description_kind":"plain","optional":true},"expires_at":{"type":"string","description":"The expiry timestamp of the key in RFC3339 format","description_kind":"plain","computed":true},"expiry":{"type":"number","description":"The expiry of the key in seconds. Defaults to `7776000` (90 days).","description_kind":"plain","optional":true},"id":{"type":"string","description_kind":"plain","optional":true,"computed":true},"invalid":{"type":"bool","description":"Indicates whether the key is invalid (e.g. expired, revoked or has been deleted).","description_kind":"plain","computed":true},"key":{"type":"string","description":"The authentication key","description_kind":"plain","computed":true,"sensitive":true},"preauthorized":{"type":"bool","description":"Determines whether or not the machines authenticated by the key will be authorized for the tailnet by default. Defaults to `false`.","description_kind":"plain","optional":true},"recreate_if_invalid":{"type":"string","description":"Determines whether the key should be created again if it becomes invalid. By default, reusable keys will be recreated, but single-use keys will not. Possible values: 'always', 'never'.","description_kind":"plain","optional":true},"reusable":{"type":"bool","description":"Indicates if the key is reusable or single-use. Defaults to `false`.","description_kind":"plain","optional":true},"tags":{"type":["set","string"],"description":"List of tags to apply to the machines authenticated by the key.","description_kind":"plain","optional":true},"user_id":{"type":"string","description":"ID of the user who created this key, empty for keys created by OAuth clients.","description_kind":"plain","optional":true,"computed":true}},"description":"The tailnet_key resource allows you to create pre-authentication keys that can register new nodes without needing to sign in via a web browser. See https://tailscale.com/kb/1085/auth-keys for more information","description_kind":"plain"}},"tailscale_tailnet_settings":{"version":0,"block":{"attributes":{"devices_approval_on":{"type":"bool","description":"Whether device approval is enabled for the tailnet","description_kind":"plain","optional":true},"devices_auto_updates_on":{"type":"bool","description":"Whether auto updates are enabled for devices that belong to this tailnet","description_kind":"plain","optional":true},"devices_key_duration_days":{"type":"number","description":"The key expiry duration for devices on this tailnet","description_kind":"plain","optional":true},"id":{"type":"string","description_kind":"plain","optional":true,"computed":true},"network_flow_logging_on":{"type":"bool","description":"Whether network flog logs are enabled for the tailnet","description_kind":"plain","optional":true},"posture_identity_collection_on":{"type":"bool","description":"Whether identity collection is enabled for device posture integrations for the tailnet","description_kind":"plain","optional":true},"regional_routing_on":{"type":"bool","description":"Whether regional routing is enabled for the tailnet","description_kind":"plain","optional":true},"users_approval_on":{"type":"bool","description":"Whether user approval is enabled for this tailnet","description_kind":"plain","optional":true},"users_role_allowed_to_join_external_tailnet":{"type":"string","description":"Which user roles are allowed to join external tailnets","description_kind":"plain","optional":true}},"description":"The tailnet_settings resource allows you to configure settings for your tailnet. See https://tailscale.com/api#tag/tailnetsettings for more information.","description_kind":"plain"}},"tailscale_webhook":{"version":0,"block":{"attributes":{"endpoint_url":{"type":"string","description":"The endpoint to send webhook events to.","description_kind":"plain","required":true},"id":{"type":"string","description_kind":"plain","optional":true,"computed":true},"provider_type":{"type":"string","description":"The provider type of the endpoint URL. Also referred to as the 'destination' for the webhook in the admin panel. Webhook event payloads are formatted according to the provider type if it is set to a known value. Must be one of `slack`, `mattermost`, `googlechat`, or `discord` if set.","description_kind":"plain","optional":true},"secret":{"type":"string","description":"The secret used for signing webhook payloads. Only set on resource creation. See https://tailscale.com/kb/1213/webhooks#webhook-secret for more information.","description_kind":"plain","computed":true,"sensitive":true},"subscriptions":{"type":["set","string"],"description":"The Tailscale events to subscribe this webhook to. See https://tailscale.com/kb/1213/webhooks#events for the list of valid events.","description_kind":"plain","required":true}},"description":"The webhook resource allows you to configure webhook endpoints for your Tailscale network. See https://tailscale.com/kb/1213/webhooks for more information.","description_kind":"plain"}}},"data_source_schemas":{"tailscale_4via6":{"version":0,"block":{"attributes":{"cidr":{"type":"string","description":"The IPv4 CIDR to map","description_kind":"plain","required":true},"id":{"type":"string","description_kind":"plain","optional":true,"computed":true},"ipv6":{"type":"string","description":"The 4via6 mapped address","description_kind":"plain","computed":true},"site":{"type":"number","description":"Site ID (between 0 and 65535)","description_kind":"plain","required":true}},"description":"The 4via6 data source is calculates an IPv6 prefix for a given site ID and IPv4 CIDR. See Tailscale documentation for [4via6 subnets](https://tailscale.com/kb/1201/4via6-subnets/) for more details.","description_kind":"plain"}},"tailscale_acl":{"version":0,"block":{"attributes":{"hujson":{"type":"string","description":"The contents of Tailscale ACL as a HuJSON string","description_kind":"plain","computed":true},"id":{"type":"string","description_kind":"plain","optional":true,"computed":true},"json":{"type":"string","description":"The contents of Tailscale ACL as a JSON string","description_kind":"plain","computed":true}},"description":"The acl data source gets the Tailscale ACL for a tailnet","description_kind":"plain"}},"tailscale_device":{"version":0,"block":{"attributes":{"addresses":{"type":["list","string"],"description":"The list of device's IPs","description_kind":"plain","computed":true},"hostname":{"type":"string","description":"The short hostname of the device","description_kind":"plain","optional":true},"id":{"type":"string","description_kind":"plain","optional":true,"computed":true},"name":{"type":"string","description":"The full name of the device (e.g. `hostname.domain.ts.net`)","description_kind":"plain","optional":true},"tags":{"type":["set","string"],"description":"The tags applied to the device","description_kind":"plain","computed":true},"user":{"type":"string","description":"The user associated with the device","description_kind":"plain","computed":true},"wait_for":{"type":"string","description":"If specified, the provider will make multiple attempts to obtain the data source until the wait_for duration is reached. Retries are made every second so this value should be greater than 1s","description_kind":"plain","optional":true}},"description":"The device data source describes a single device in a tailnet","description_kind":"plain"}},"tailscale_devices":{"version":0,"block":{"attributes":{"devices":{"type":["list",["object",{"addresses":["list","string"],"hostname":"string","id":"string","name":"string","tags":["set","string"],"user":"string"}]],"description":"The list of devices in the tailnet","description_kind":"plain","computed":true},"id":{"type":"string","description_kind":"plain","optional":true,"computed":true},"name_prefix":{"type":"string","description":"Filters the device list to elements whose name has the provided prefix","description_kind":"plain","optional":true}},"description":"The devices data source describes a list of devices in a tailnet","description_kind":"plain"}},"tailscale_user":{"version":0,"block":{"attributes":{"created":{"type":"string","description":"The time the user joined their tailnet.","description_kind":"plain","computed":true},"currently_connected":{"type":"bool","description":"true when the user has a node currently connected to the control server.","description_kind":"plain","computed":true},"device_count":{"type":"number","description":"Number of devices the user owns.","description_kind":"plain","computed":true},"display_name":{"type":"string","description":"The name of the user.","description_kind":"plain","computed":true},"id":{"type":"string","description":"The unique identifier for the user.","description_kind":"plain","optional":true},"last_seen":{"type":"string","description":"The later of either: a) The last time any of the user's nodes were connected to the network or b) The last time the user authenticated to any tailscale service, including the admin panel.","description_kind":"plain","computed":true},"login_name":{"type":"string","description":"The emailish login name of the user.","description_kind":"plain","optional":true},"profile_pic_url":{"type":"string","description":"The profile pic URL for the user.","description_kind":"plain","computed":true},"role":{"type":"string","description":"The role of the user.","description_kind":"plain","computed":true},"status":{"type":"string","description":"The status of the user.","description_kind":"plain","computed":true},"tailnet_id":{"type":"string","description":"The tailnet that owns the user.","description_kind":"plain","computed":true},"type":{"type":"string","description":"The type of relation this user has to the tailnet associated with the request.","description_kind":"plain","computed":true}},"description":"The user data source describes a single user in a tailnet","description_kind":"plain"}},"tailscale_users":{"version":0,"block":{"attributes":{"id":{"type":"string","description_kind":"plain","optional":true,"computed":true},"role":{"type":"string","description":"Filters the users list to elements whose role is the provided value.","description_kind":"plain","optional":true},"type":{"type":"string","description":"Filters the users list to elements whose type is the provided value.","description_kind":"plain","optional":true},"users":{"type":["list",["object",{"created":"string","currently_connected":"bool","device_count":"number","display_name":"string","id":"string","last_seen":"string","login_name":"string","profile_pic_url":"string","role":"string","status":"string","tailnet_id":"string","type":"string"}]],"description":"The list of users in the tailnet","description_kind":"plain","computed":true}},"description":"The users data source describes a list of users in a tailnet","description_kind":"plain"}}}}}}
